
Microsoft Visual Studio Solution File, Format Version 12.00
# Visual Studio Version 17
VisualStudioVersion = 17.7.34031.279
MinimumVisualStudioVersion = 10.0.40219.1
Project("{9A19103F-16F7-4668-BE54-9A1E7A4F7556}") = "Set3FP1", "Set3FP1\Set3FP1.csproj", "{30DC3193-517A-4D6E-9996-3AE5956D9026}"
EndProject
Project("{9A19103F-16F7-4668-BE54-9A1E7A4F7556}") = "Set3FP2", "Set3FP2\Set3FP2.csproj", "{E95A1D1E-E5F9-4437-91C7-36F9D4D55B06}"
EndProject
Project("{9A19103F-16F7-4668-BE54-9A1E7A4F7556}") = "Set3FP3", "Set3FP3\Set3FP3.csproj", "{1AEA079A-EABC-45C1-83A3-96AE45B4F85A}"
EndProject
Project("{9A19103F-16F7-4668-BE54-9A1E7A4F7556}") = "Set3FP4", "Set3FP4\Set3FP4.csproj", "{B02AA4A6-AA9D-4A06-B18E-DF9F9A75B35F}"
EndProject
Project("{9A19103F-16F7-4668-BE54-9A1E7A4F7556}") = "Set3FP5", "Set3FP5\Set3FP5.csproj", "{DE554529-5EE5-4EF9-B6AA-656430FD09F2}"
EndProject
Project("{9A19103F-16F7-4668-BE54-9A1E7A4F7556}") = "Set3FP6", "Set3FP6\Set3FP6.csproj", "{7DF39D8D-3C14-4DE3-9E64-49BC35AB4A8E}"
EndProject
Project("{9A19103F-16F7-4668-BE54-9A1E7A4F7556}") = "Set3FP7", "Set3FP7\Set3FP7.csproj", "{39361DAC-AC47-4088-8ADC-C0401872DAB3}"
EndProject
Project("{9A19103F-16F7-4668-BE54-9A1E7A4F7556}") = "Set3FP8", "Set3FP8\Set3FP8.csproj", "{D08B02AB-B2EC-406A-BF83-6B943D4B7FBA}"
EndProject
Project("{9A19103F-16F7-4668-BE54-9A1E7A4F7556}") = "Set3FP9", "Set3FP9\Set3FP9.csproj", "{FCAA3019-7B6F-48A2-82AC-1DBD714C9F71}"
EndProject
Project("{9A19103F-16F7-4668-BE54-9A1E7A4F7556}") = "Set3FP10", "Set2FP10\Set3FP10.csproj", "{69BB63F9-B0B4-4226-9882-CE2B66410273}"
EndProject
Project("{9A19103F-16F7-4668-BE54-9A1E7A4F7556}") = "Set3FP11", "Set3FP11\Set3FP11.csproj", "{52855091-BAD7-4AA1-9628-D6E4736A9489}"
EndProject
Project("{9A19103F-16F7-4668-BE54-9A1E7A4F7556}") = "Set3FP12", "Set3FP12\Set3FP12.csproj", "{1B0CE280-867C-4B17-8489-0D45A407F046}"
EndProject
Project("{9A19103F-16F7-4668-BE54-9A1E7A4F7556}") = "Set3FP13", "Set3FP13\Set3FP13.csproj", "{07BD1D81-D9A9-45B2-B8EE-E0E1A1B552BE}"
EndProject
Project("{9A19103F-16F7-4668-BE54-9A1E7A4F7556}") = "Set3FP14", "Set3FP14\Set3FP14.csproj", "{A56D76E5-8D06-407D-B7DD-57B4BFE6F365}"
EndProject
Project("{FAE04EC0-301F-11D3-BF4B-00C04F79EFBC}") = "Set3FP15", "Set3FP15\Set3FP15.csproj", "{FD1BEFBD-1E26-4E16-8A16-39BF0C528E9C}"
EndProject
Project("{FAE04EC0-301F-11D3-BF4B-00C04F79EFBC}") = "Set3FP16", "Set3FP16\Set3FP16.csproj", "{F69AECE1-0A30-40BB-AACE-9A69101BD507}"
EndProject
Project("{FAE04EC0-301F-11D3-BF4B-00C04F79EFBC}") = "Set3FP17", "Set3FP17\Set3FP17.csproj", "{C2D44021-11A4-40C0-8B27-B2F4EE5668E2}"
EndProject
Project("{FAE04EC0-301F-11D3-BF4B-00C04F79EFBC}") = "Set3FP18", "Set3FP18\Set3FP18.csproj", "{55F20DF7-CD09-4BA8-B89D-5780D8E0EBEA}"
EndProject
Project("{FAE04EC0-301F-11D3-BF4B-00C04F79EFBC}") = "Set3FP19", "Set3FP19\Set3FP19.csproj", "{3B9CAA0C-25CA-444E-B801-D1BF2C90EA19}"
EndProject
Project("{FAE04EC0-301F-11D3-BF4B-00C04F79EFBC}") = "Set3FP20", "Set3FP20\Set3FP20.csproj", "{F083BF2B-F76E-46FD-B0EE-B4A505D4ABA5}"
EndProject
Project("{FAE04EC0-301F-11D3-BF4B-00C04F79EFBC}") = "Set3FP21", "Set3FP21\Set3FP21.csproj", "{D6028A08-3D6E-4B39-A00D-CCA4A4E19762}"
EndProject
Project("{FAE04EC0-301F-11D3-BF4B-00C04F79EFBC}") = "Set3FP22", "Set3FP22\Set3FP22.csproj", "{DF7796D4-1EB5-45E5-B0BC-E9936B64D040}"
EndProject
Project("{FAE04EC0-301F-11D3-BF4B-00C04F79EFBC}") = "Set3FP25", "Set3FP25\Set3FP25.csproj", "{7ED5070C-F06A-4F09-A876-61DB393CE02F}"
EndProject
Project("{FAE04EC0-301F-11D3-BF4B-00C04F79EFBC}") = "Set3FP28", "Set3FP28\Set3FP28.csproj", "{7AA2EDD8-589A-4F9F-9509-6F4BB20DBA40}"
EndProject
Global
	GlobalSection(SolutionConfigurationPlatforms) = preSolution
		Debug|Any CPU = Debug|Any CPU
		Release|Any CPU = Release|Any CPU
	EndGlobalSection
	GlobalSection(ProjectConfigurationPlatforms) = postSolution
		{30DC3193-517A-4D6E-9996-3AE5956D9026}.Debug|Any CPU.ActiveCfg = Debug|Any CPU
		{30DC3193-517A-4D6E-9996-3AE5956D9026}.Debug|Any CPU.Build.0 = Debug|Any CPU
		{30DC3193-517A-4D6E-9996-3AE5956D9026}.Release|Any CPU.ActiveCfg = Release|Any CPU
		{30DC3193-517A-4D6E-9996-3AE5956D9026}.Release|Any CPU.Build.0 = Release|Any CPU
		{E95A1D1E-E5F9-4437-91C7-36F9D4D55B06}.Debug|Any CPU.ActiveCfg = Debug|Any CPU
		{E95A1D1E-E5F9-4437-91C7-36F9D4D55B06}.Debug|Any CPU.Build.0 = Debug|Any CPU
		{E95A1D1E-E5F9-4437-91C7-36F9D4D55B06}.Release|Any CPU.ActiveCfg = Release|Any CPU
		{E95A1D1E-E5F9-4437-91C7-36F9D4D55B06}.Release|Any CPU.Build.0 = Release|Any CPU
		{1AEA079A-EABC-45C1-83A3-96AE45B4F85A}.Debug|Any CPU.ActiveCfg = Debug|Any CPU
		{1AEA079A-EABC-45C1-83A3-96AE45B4F85A}.Debug|Any CPU.Build.0 = Debug|Any CPU
		{1AEA079A-EABC-45C1-83A3-96AE45B4F85A}.Release|Any CPU.ActiveCfg = Release|Any CPU
		{1AEA079A-EABC-45C1-83A3-96AE45B4F85A}.Release|Any CPU.Build.0 = Release|Any CPU
		{B02AA4A6-AA9D-4A06-B18E-DF9F9A75B35F}.Debug|Any CPU.ActiveCfg = Debug|Any CPU
		{B02AA4A6-AA9D-4A06-B18E-DF9F9A75B35F}.Debug|Any CPU.Build.0 = Debug|Any CPU
		{B02AA4A6-AA9D-4A06-B18E-DF9F9A75B35F}.Release|Any CPU.ActiveCfg = Release|Any CPU
		{B02AA4A6-AA9D-4A06-B18E-DF9F9A75B35F}.Release|Any CPU.Build.0 = Release|Any CPU
		{DE554529-5EE5-4EF9-B6AA-656430FD09F2}.Debug|Any CPU.ActiveCfg = Debug|Any CPU
		{DE554529-5EE5-4EF9-B6AA-656430FD09F2}.Debug|Any CPU.Build.0 = Debug|Any CPU
		{DE554529-5EE5-4EF9-B6AA-656430FD09F2}.Release|Any CPU.ActiveCfg = Release|Any CPU
		{DE554529-5EE5-4EF9-B6AA-656430FD09F2}.Release|Any CPU.Build.0 = Release|Any CPU
		{7DF39D8D-3C14-4DE3-9E64-49BC35AB4A8E}.Debug|Any CPU.ActiveCfg = Debug|Any CPU
		{7DF39D8D-3C14-4DE3-9E64-49BC35AB4A8E}.Debug|Any CPU.Build.0 = Debug|Any CPU
		{7DF39D8D-3C14-4DE3-9E64-49BC35AB4A8E}.Release|Any CPU.ActiveCfg = Release|Any CPU
		{7DF39D8D-3C14-4DE3-9E64-49BC35AB4A8E}.Release|Any CPU.Build.0 = Release|Any CPU
		{39361DAC-AC47-4088-8ADC-C0401872DAB3}.Debug|Any CPU.ActiveCfg = Debug|Any CPU
		{39361DAC-AC47-4088-8ADC-C0401872DAB3}.Debug|Any CPU.Build.0 = Debug|Any CPU
		{39361DAC-AC47-4088-8ADC-C0401872DAB3}.Release|Any CPU.ActiveCfg = Release|Any CPU
		{39361DAC-AC47-4088-8ADC-C0401872DAB3}.Release|Any CPU.Build.0 = Release|Any CPU
		{D08B02AB-B2EC-406A-BF83-6B943D4B7FBA}.Debug|Any CPU.ActiveCfg = Debug|Any CPU
		{D08B02AB-B2EC-406A-BF83-6B943D4B7FBA}.Debug|Any CPU.Build.0 = Debug|Any CPU
		{D08B02AB-B2EC-406A-BF83-6B943D4B7FBA}.Release|Any CPU.ActiveCfg = Release|Any CPU
		{D08B02AB-B2EC-406A-BF83-6B943D4B7FBA}.Release|Any CPU.Build.0 = Release|Any CPU
		{FCAA3019-7B6F-48A2-82AC-1DBD714C9F71}.Debug|Any CPU.ActiveCfg = Debug|Any CPU
		{FCAA3019-7B6F-48A2-82AC-1DBD714C9F71}.Debug|Any CPU.Build.0 = Debug|Any CPU
		{FCAA3019-7B6F-48A2-82AC-1DBD714C9F71}.Release|Any CPU.ActiveCfg = Release|Any CPU
		{FCAA3019-7B6F-48A2-82AC-1DBD714C9F71}.Release|Any CPU.Build.0 = Release|Any CPU
		{69BB63F9-B0B4-4226-9882-CE2B66410273}.Debug|Any CPU.ActiveCfg = Debug|Any CPU
		{69BB63F9-B0B4-4226-9882-CE2B66410273}.Debug|Any CPU.Build.0 = Debug|Any CPU
		{69BB63F9-B0B4-4226-9882-CE2B66410273}.Release|Any CPU.ActiveCfg = Release|Any CPU
		{69BB63F9-B0B4-4226-9882-CE2B66410273}.Release|Any CPU.Build.0 = Release|Any CPU
		{52855091-BAD7-4AA1-9628-D6E4736A9489}.Debug|Any CPU.ActiveCfg = Debug|Any CPU
		{52855091-BAD7-4AA1-9628-D6E4736A9489}.Debug|Any CPU.Build.0 = Debug|Any CPU
		{52855091-BAD7-4AA1-9628-D6E4736A9489}.Release|Any CPU.ActiveCfg = Release|Any CPU
		{52855091-BAD7-4AA1-9628-D6E4736A9489}.Release|Any CPU.Build.0 = Release|Any CPU
		{1B0CE280-867C-4B17-8489-0D45A407F046}.Debug|Any CPU.ActiveCfg = Debug|Any CPU
		{1B0CE280-867C-4B17-8489-0D45A407F046}.Debug|Any CPU.Build.0 = Debug|Any CPU
		{1B0CE280-867C-4B17-8489-0D45A407F046}.Release|Any CPU.ActiveCfg = Release|Any CPU
		{1B0CE280-867C-4B17-8489-0D45A407F046}.Release|Any CPU.Build.0 = Release|Any CPU
		{07BD1D81-D9A9-45B2-B8EE-E0E1A1B552BE}.Debug|Any CPU.ActiveCfg = Debug|Any CPU
		{07BD1D81-D9A9-45B2-B8EE-E0E1A1B552BE}.Debug|Any CPU.Build.0 = Debug|Any CPU
		{07BD1D81-D9A9-45B2-B8EE-E0E1A1B552BE}.Release|Any CPU.ActiveCfg = Release|Any CPU
		{07BD1D81-D9A9-45B2-B8EE-E0E1A1B552BE}.Release|Any CPU.Build.0 = Release|Any CPU
		{A56D76E5-8D06-407D-B7DD-57B4BFE6F365}.Debug|Any CPU.ActiveCfg = Debug|Any CPU
		{A56D76E5-8D06-407D-B7DD-57B4BFE6F365}.Debug|Any CPU.Build.0 = Debug|Any CPU
		{A56D76E5-8D06-407D-B7DD-57B4BFE6F365}.Release|Any CPU.ActiveCfg = Release|Any CPU
		{A56D76E5-8D06-407D-B7DD-57B4BFE6F365}.Release|Any CPU.Build.0 = Release|Any CPU
		{FD1BEFBD-1E26-4E16-8A16-39BF0C528E9C}.Debug|Any CPU.ActiveCfg = Debug|Any CPU
		{FD1BEFBD-1E26-4E16-8A16-39BF0C528E9C}.Debug|Any CPU.Build.0 = Debug|Any CPU
		{FD1BEFBD-1E26-4E16-8A16-39BF0C528E9C}.Release|Any CPU.ActiveCfg = Release|Any CPU
		{FD1BEFBD-1E26-4E16-8A16-39BF0C528E9C}.Release|Any CPU.Build.0 = Release|Any CPU
		{F69AECE1-0A30-40BB-AACE-9A69101BD507}.Debug|Any CPU.ActiveCfg = Debug|Any CPU
		{F69AECE1-0A30-40BB-AACE-9A69101BD507}.Debug|Any CPU.Build.0 = Debug|Any CPU
		{F69AECE1-0A30-40BB-AACE-9A69101BD507}.Release|Any CPU.ActiveCfg = Release|Any CPU
		{F69AECE1-0A30-40BB-AACE-9A69101BD507}.Release|Any CPU.Build.0 = Release|Any CPU
		{C2D44021-11A4-40C0-8B27-B2F4EE5668E2}.Debug|Any CPU.ActiveCfg = Debug|Any CPU
		{C2D44021-11A4-40C0-8B27-B2F4EE5668E2}.Debug|Any CPU.Build.0 = Debug|Any CPU
		{C2D44021-11A4-40C0-8B27-B2F4EE5668E2}.Release|Any CPU.ActiveCfg = Release|Any CPU
		{C2D44021-11A4-40C0-8B27-B2F4EE5668E2}.Release|Any CPU.Build.0 = Release|Any CPU
		{55F20DF7-CD09-4BA8-B89D-5780D8E0EBEA}.Debug|Any CPU.ActiveCfg = Debug|Any CPU
		{55F20DF7-CD09-4BA8-B89D-5780D8E0EBEA}.Debug|Any CPU.Build.0 = Debug|Any CPU
		{55F20DF7-CD09-4BA8-B89D-5780D8E0EBEA}.Release|Any CPU.ActiveCfg = Release|Any CPU
		{55F20DF7-CD09-4BA8-B89D-5780D8E0EBEA}.Release|Any CPU.Build.0 = Release|Any CPU
		{3B9CAA0C-25CA-444E-B801-D1BF2C90EA19}.Debug|Any CPU.ActiveCfg = Debug|Any CPU
		{3B9CAA0C-25CA-444E-B801-D1BF2C90EA19}.Debug|Any CPU.Build.0 = Debug|Any CPU
		{3B9CAA0C-25CA-444E-B801-D1BF2C90EA19}.Release|Any CPU.ActiveCfg = Release|Any CPU
		{3B9CAA0C-25CA-444E-B801-D1BF2C90EA19}.Release|Any CPU.Build.0 = Release|Any CPU
		{F083BF2B-F76E-46FD-B0EE-B4A505D4ABA5}.Debug|Any CPU.ActiveCfg = Debug|Any CPU
		{F083BF2B-F76E-46FD-B0EE-B4A505D4ABA5}.Debug|Any CPU.Build.0 = Debug|Any CPU
		{F083BF2B-F76E-46FD-B0EE-B4A505D4ABA5}.Release|Any CPU.ActiveCfg = Release|Any CPU
		{F083BF2B-F76E-46FD-B0EE-B4A505D4ABA5}.Release|Any CPU.Build.0 = Release|Any CPU
		{D6028A08-3D6E-4B39-A00D-CCA4A4E19762}.Debug|Any CPU.ActiveCfg = Debug|Any CPU
		{D6028A08-3D6E-4B39-A00D-CCA4A4E19762}.Debug|Any CPU.Build.0 = Debug|Any CPU
		{D6028A08-3D6E-4B39-A00D-CCA4A4E19762}.Release|Any CPU.ActiveCfg = Release|Any CPU
		{D6028A08-3D6E-4B39-A00D-CCA4A4E19762}.Release|Any CPU.Build.0 = Release|Any CPU
		{DF7796D4-1EB5-45E5-B0BC-E9936B64D040}.Debug|Any CPU.ActiveCfg = Debug|Any CPU
		{DF7796D4-1EB5-45E5-B0BC-E9936B64D040}.Debug|Any CPU.Build.0 = Debug|Any CPU
		{DF7796D4-1EB5-45E5-B0BC-E9936B64D040}.Release|Any CPU.ActiveCfg = Release|Any CPU
		{DF7796D4-1EB5-45E5-B0BC-E9936B64D040}.Release|Any CPU.Build.0 = Release|Any CPU
		{7ED5070C-F06A-4F09-A876-61DB393CE02F}.Debug|Any CPU.ActiveCfg = Debug|Any CPU
		{7ED5070C-F06A-4F09-A876-61DB393CE02F}.Debug|Any CPU.Build.0 = Debug|Any CPU
		{7ED5070C-F06A-4F09-A876-61DB393CE02F}.Release|Any CPU.ActiveCfg = Release|Any CPU
		{7ED5070C-F06A-4F09-A876-61DB393CE02F}.Release|Any CPU.Build.0 = Release|Any CPU
		{7AA2EDD8-589A-4F9F-9509-6F4BB20DBA40}.Debug|Any CPU.ActiveCfg = Debug|Any CPU
		{7AA2EDD8-589A-4F9F-9509-6F4BB20DBA40}.Debug|Any CPU.Build.0 = Debug|Any CPU
		{7AA2EDD8-589A-4F9F-9509-6F4BB20DBA40}.Release|Any CPU.ActiveCfg = Release|Any CPU
		{7AA2EDD8-589A-4F9F-9509-6F4BB20DBA40}.Release|Any CPU.Build.0 = Release|Any CPU
	EndGlobalSection
	GlobalSection(SolutionProperties) = preSolution
		HideSolutionNode = FALSE
	EndGlobalSection
	GlobalSection(ExtensibilityGlobals) = postSolution
		SolutionGuid = {192BB88F-BE23-476E-A294-C5B3DD56A01F}
	EndGlobalSection
EndGlobal
